
Microsoft Visual Studio Solution File, Format Version 12.00
# Visual Studio 15
VisualStudioVersion = 15.0.34031.82
MinimumVisualStudioVersion = 10.0.40219.1
Project("{8BC9CEB8-8B4A-11D0-8D11-00A0C91BC942}") = "Unique vector", "Unique vector\Unique vector.vcxproj", "{8CF94022-1F1C-4749-899A-20888EDD252E}"
EndProject
Global
	GlobalSection(SolutionConfigurationPlatforms) = preSolution
		Debug|x64 = Debug|x64
		Debug|x86 = Debug|x86
		Release|x64 = Release|x64
		Release|x86 = Release|x86
	EndGlobalSection
	GlobalSection(ProjectConfigurationPlatforms) = postSolution
		{8CF94022-1F1C-4749-899A-20888EDD252E}.Debug|x64.ActiveCfg = Debug|x64
		{8CF94022-1F1C-4749-899A-20888EDD252E}.Debug|x64.Build.0 = Debug|x64
		{8CF94022-1F1C-4749-899A-20888EDD252E}.Debug|x86.ActiveCfg = Debug|Win32
		{8CF94022-1F1C-4749-899A-20888EDD252E}.Debug|x86.Build.0 = Debug|Win32
		{8CF94022-1F1C-4749-899A-20888EDD252E}.Release|x64.ActiveCfg = Release|x64
		{8CF94022-1F1C-4749-899A-20888EDD252E}.Release|x64.Build.0 = Release|x64
		{8CF94022-1F1C-4749-899A-20888EDD252E}.Release|x86.ActiveCfg = Release|Win32
		{8CF94022-1F1C-4749-899A-20888EDD252E}.Release|x86.Build.0 = Release|Win32
	EndGlobalSection
	GlobalSection(SolutionProperties) = preSolution
		HideSolutionNode = FALSE
	EndGlobalSection
	GlobalSection(ExtensibilityGlobals) = postSolution
		SolutionGuid = {16FB01A8-0F7F-4B4D-B707-C7ACCD3EE39F}
	EndGlobalSection
EndGlobal
